
Microsoft Visual Studio Solution File, Format Version 12.00
# Visual Studio 2013
VisualStudioVersion = 12.0.21005.1
MinimumVisualStudioVersion = 10.0.40219.1
Project("{2150E333-8FDC-42A3-9474-1A3956D46DE8}") = "Pure", "Pure", "{D9FF76C2-3DE0-40B4-9C19-F6C4BE9D116C}"
EndProject
Project("{FAE04EC0-301F-11D3-BF4B-00C04F79EFBC}") = "PureMVC", "PureMVC\PureMVC.csproj", "{6F8F7094-08C6-4318-ABE3-A774DE252F74}"
EndProject
Project("{FAE04EC0-301F-11D3-BF4B-00C04F79EFBC}") = "PureTest", "PureTest\PureTest.csproj", "{0F77CFE3-C4AD-45B9-8AB5-49F509E41665}"
EndProject
Global
	GlobalSection(SolutionConfigurationPlatforms) = preSolution
		Debug|Any CPU = Debug|Any CPU
		Release|Any CPU = Release|Any CPU
	EndGlobalSection
	GlobalSection(ProjectConfigurationPlatforms) = postSolution
		{6F8F7094-08C6-4318-ABE3-A774DE252F74}.Debug|Any CPU.ActiveCfg = Debug|Any CPU
		{6F8F7094-08C6-4318-ABE3-A774DE252F74}.Debug|Any CPU.Build.0 = Debug|Any CPU
		{6F8F7094-08C6-4318-ABE3-A774DE252F74}.Release|Any CPU.ActiveCfg = Release|Any CPU
		{6F8F7094-08C6-4318-ABE3-A774DE252F74}.Release|Any CPU.Build.0 = Release|Any CPU
		{0F77CFE3-C4AD-45B9-8AB5-49F509E41665}.Debug|Any CPU.ActiveCfg = Debug|Any CPU
		{0F77CFE3-C4AD-45B9-8AB5-49F509E41665}.Debug|Any CPU.Build.0 = Debug|Any CPU
		{0F77CFE3-C4AD-45B9-8AB5-49F509E41665}.Release|Any CPU.ActiveCfg = Release|Any CPU
		{0F77CFE3-C4AD-45B9-8AB5-49F509E41665}.Release|Any CPU.Build.0 = Release|Any CPU
	EndGlobalSection
	GlobalSection(SolutionProperties) = preSolution
		HideSolutionNode = FALSE
	EndGlobalSection
	GlobalSection(NestedProjects) = preSolution
		{6F8F7094-08C6-4318-ABE3-A774DE252F74} = {D9FF76C2-3DE0-40B4-9C19-F6C4BE9D116C}
	EndGlobalSection
EndGlobal
